
Microsoft Visual Studio Solution File, Format Version 12.00
# Visual Studio Version 17
VisualStudioVersion = 17.13.35806.99
MinimumVisualStudioVersion = 10.0.40219.1
Project("{FAE04EC0-301F-11D3-BF4B-00C04F79EFBC}") = "MarineLaceSpace.DTO", "MarineLaceSpace.DTO\MarineLaceSpace.DTO.csproj", "{E252D98A-158A-64D2-E79D-FE9C6ACB0F5D}"
EndProject
Project("{FAE04EC0-301F-11D3-BF4B-00C04F79EFBC}") = "MarineLaceSpace.Enumerations", "MarineLaceSpace.Enumerations\MarineLaceSpace.Enumerations.csproj", "{BF5E4ACB-CFA6-D292-AB5C-C64D7874890A}"
EndProject
Project("{FAE04EC0-301F-11D3-BF4B-00C04F79EFBC}") = "MarineLaceSpace.Interfaces", "MarineLaceSpace.Interfaces\MarineLaceSpace.Interfaces.csproj", "{11A06B34-32BF-42CE-9C77-FFC539129A7A}"
EndProject
Project("{FAE04EC0-301F-11D3-BF4B-00C04F79EFBC}") = "MarineLaceSpace.Models", "MarineLaceSpace.Models\MarineLaceSpace.Models.csproj", "{DB403A8E-D2D3-5F45-7747-76788F51F9DB}"
EndProject
Project("{FAE04EC0-301F-11D3-BF4B-00C04F79EFBC}") = "MarineLaceSpace.Options", "MarineLaceSpace.Options\MarineLaceSpace.Options.csproj", "{E46B0181-7168-34C0-D7DA-225A263BD203}"
EndProject
Project("{2150E333-8FDC-42A3-9474-1A3956D46DE8}") = "Solution Items", "Solution Items", "{02EA681E-C7D8-13C7-8484-4AC65E1B71E8}"
	ProjectSection(SolutionItems) = preProject
		Directory.Build.props = Directory.Build.props
		..\..\Directory.Packages.props = ..\..\Directory.Packages.props
	EndProjectSection
EndProject
Project("{FAE04EC0-301F-11D3-BF4B-00C04F79EFBC}") = "MarineLaceSpace.DTO.Validation", "MarineLaceSpace.DTO.Validation\MarineLaceSpace.DTO.Validation.csproj", "{78944914-F9E5-6DBE-9509-A62B71311DBD}"
EndProject
Project("{FAE04EC0-301F-11D3-BF4B-00C04F79EFBC}") = "MarineLaceSpace.Exceptions", "MarineLaceSpace.Exceptions\MarineLaceSpace.Exceptions.csproj", "{98C5A62D-1A81-69DB-4CBF-A3CDE78D87C2}"
EndProject
Global
	GlobalSection(SolutionConfigurationPlatforms) = preSolution
		Debug|Any CPU = Debug|Any CPU
		Release|Any CPU = Release|Any CPU
	EndGlobalSection
	GlobalSection(ProjectConfigurationPlatforms) = postSolution
		{E252D98A-158A-64D2-E79D-FE9C6ACB0F5D}.Debug|Any CPU.ActiveCfg = Debug|Any CPU
		{E252D98A-158A-64D2-E79D-FE9C6ACB0F5D}.Debug|Any CPU.Build.0 = Debug|Any CPU
		{E252D98A-158A-64D2-E79D-FE9C6ACB0F5D}.Release|Any CPU.ActiveCfg = Release|Any CPU
		{E252D98A-158A-64D2-E79D-FE9C6ACB0F5D}.Release|Any CPU.Build.0 = Release|Any CPU
		{BF5E4ACB-CFA6-D292-AB5C-C64D7874890A}.Debug|Any CPU.ActiveCfg = Debug|Any CPU
		{BF5E4ACB-CFA6-D292-AB5C-C64D7874890A}.Debug|Any CPU.Build.0 = Debug|Any CPU
		{BF5E4ACB-CFA6-D292-AB5C-C64D7874890A}.Release|Any CPU.ActiveCfg = Release|Any CPU
		{BF5E4ACB-CFA6-D292-AB5C-C64D7874890A}.Release|Any CPU.Build.0 = Release|Any CPU
		{11A06B34-32BF-42CE-9C77-FFC539129A7A}.Debug|Any CPU.ActiveCfg = Debug|Any CPU
		{11A06B34-32BF-42CE-9C77-FFC539129A7A}.Debug|Any CPU.Build.0 = Debug|Any CPU
		{11A06B34-32BF-42CE-9C77-FFC539129A7A}.Release|Any CPU.ActiveCfg = Release|Any CPU
		{11A06B34-32BF-42CE-9C77-FFC539129A7A}.Release|Any CPU.Build.0 = Release|Any CPU
		{DB403A8E-D2D3-5F45-7747-76788F51F9DB}.Debug|Any CPU.ActiveCfg = Debug|Any CPU
		{DB403A8E-D2D3-5F45-7747-76788F51F9DB}.Debug|Any CPU.Build.0 = Debug|Any CPU
		{DB403A8E-D2D3-5F45-7747-76788F51F9DB}.Release|Any CPU.ActiveCfg = Release|Any CPU
		{DB403A8E-D2D3-5F45-7747-76788F51F9DB}.Release|Any CPU.Build.0 = Release|Any CPU
		{E46B0181-7168-34C0-D7DA-225A263BD203}.Debug|Any CPU.ActiveCfg = Debug|Any CPU
		{E46B0181-7168-34C0-D7DA-225A263BD203}.Debug|Any CPU.Build.0 = Debug|Any CPU
		{E46B0181-7168-34C0-D7DA-225A263BD203}.Release|Any CPU.ActiveCfg = Release|Any CPU
		{E46B0181-7168-34C0-D7DA-225A263BD203}.Release|Any CPU.Build.0 = Release|Any CPU
		{78944914-F9E5-6DBE-9509-A62B71311DBD}.Debug|Any CPU.ActiveCfg = Debug|Any CPU
		{78944914-F9E5-6DBE-9509-A62B71311DBD}.Debug|Any CPU.Build.0 = Debug|Any CPU
		{78944914-F9E5-6DBE-9509-A62B71311DBD}.Release|Any CPU.ActiveCfg = Release|Any CPU
		{78944914-F9E5-6DBE-9509-A62B71311DBD}.Release|Any CPU.Build.0 = Release|Any CPU
		{98C5A62D-1A81-69DB-4CBF-A3CDE78D87C2}.Debug|Any CPU.ActiveCfg = Debug|Any CPU
		{98C5A62D-1A81-69DB-4CBF-A3CDE78D87C2}.Debug|Any CPU.Build.0 = Debug|Any CPU
		{98C5A62D-1A81-69DB-4CBF-A3CDE78D87C2}.Release|Any CPU.ActiveCfg = Release|Any CPU
		{98C5A62D-1A81-69DB-4CBF-A3CDE78D87C2}.Release|Any CPU.Build.0 = Release|Any CPU
	EndGlobalSection
	GlobalSection(SolutionProperties) = preSolution
		HideSolutionNode = FALSE
	EndGlobalSection
	GlobalSection(ExtensibilityGlobals) = postSolution
		SolutionGuid = {3096CE45-4314-4AF9-80D9-29D119E3F5BF}
	EndGlobalSection
EndGlobal
