
Microsoft Visual Studio Solution File, Format Version 12.00
# Visual Studio Version 17
VisualStudioVersion = 17.13.35806.99
MinimumVisualStudioVersion = 10.0.40219.1
Project("{2150E333-8FDC-42A3-9474-1A3956D46DE8}") = "src", "src", "{02EA681E-C7D8-13C7-8484-4AC65E1B71E8}"
EndProject
Project("{2150E333-8FDC-42A3-9474-1A3956D46DE8}") = "BuildingBlocks", "BuildingBlocks", "{633D4885-1E22-4333-BA58-A9BE8A0347B2}"
EndProject
Project("{2150E333-8FDC-42A3-9474-1A3956D46DE8}") = "Services", "Services", "{CEA5739A-39B4-4DBE-8818-FD03D1940178}"
EndProject
Project("{2150E333-8FDC-42A3-9474-1A3956D46DE8}") = "Web", "Web", "{B2B7C10A-7F81-4C52-B340-C49EB921356F}"
EndProject
Project("{2150E333-8FDC-42A3-9474-1A3956D46DE8}") = "Aspire", "Aspire", "{9E7BA343-2658-4B84-A301-7FA5EAA8997E}"
EndProject
Project("{FAE04EC0-301F-11D3-BF4B-00C04F79EFBC}") = "Aspire.AppHost", "Aspire\Aspire.AppHost\Aspire.AppHost.csproj", "{D8F8652C-93AA-4F83-ABE6-F549DAC79D0C}"
EndProject
Project("{FAE04EC0-301F-11D3-BF4B-00C04F79EFBC}") = "Aspire.ServiceDefaults", "Aspire\Aspire.ServiceDefaults\Aspire.ServiceDefaults.csproj", "{10F69914-B69B-C6B5-0E1C-F5B0D8A7D603}"
EndProject
Project("{2150E333-8FDC-42A3-9474-1A3956D46DE8}") = "ApiGateway", "ApiGateway", "{65A63832-4770-49B1-B71A-79DA81D3063F}"
EndProject
Project("{2150E333-8FDC-42A3-9474-1A3956D46DE8}") = "Notification", "Notification", "{B4C2BAE3-5B55-449B-8483-7DA159C31D3E}"
EndProject
Project("{2150E333-8FDC-42A3-9474-1A3956D46DE8}") = "Payment", "Payment", "{6EC32C6A-18FB-4DCC-867D-C241193D7F61}"
EndProject
Project("{2150E333-8FDC-42A3-9474-1A3956D46DE8}") = "Order", "Order", "{7358DF08-6109-42B4-9E6B-72B65D0E020C}"
EndProject
Project("{2150E333-8FDC-42A3-9474-1A3956D46DE8}") = "Basket", "Basket", "{653693E0-B90C-412F-B84D-15A27EA15FC6}"
EndProject
Project("{2150E333-8FDC-42A3-9474-1A3956D46DE8}") = "Catalog", "Catalog", "{A7E24C41-BE56-425F-BF79-42E3D3158EBE}"
EndProject
Project("{2150E333-8FDC-42A3-9474-1A3956D46DE8}") = "Auth", "Auth", "{48654511-1DA9-4DE0-B889-B628872404AD}"
EndProject
Project("{FAE04EC0-301F-11D3-BF4B-00C04F79EFBC}") = "ApiGateway.WebHost", "Services\ApiGateway\MarineLaceSpace.ApiGateway\ApiGateway.WebHost.csproj", "{D9DC2FA8-7183-444D-A067-61099FA09A0B}"
EndProject
Project("{FAE04EC0-301F-11D3-BF4B-00C04F79EFBC}") = "MarineLaceSpace.Enumerations", "BuildingBlocks\Packages\MarineLaceSpace.Enumerations\MarineLaceSpace.Enumerations.csproj", "{49632767-6A26-4FF3-AE5D-6394A34E1D57}"
EndProject
Project("{FAE04EC0-301F-11D3-BF4B-00C04F79EFBC}") = "MarineLaceSpace.DTO", "BuildingBlocks\Packages\MarineLaceSpace.DTO\MarineLaceSpace.DTO.csproj", "{19700675-E65C-4DFD-A43C-0B09C2780F12}"
EndProject
Project("{2150E333-8FDC-42A3-9474-1A3956D46DE8}") = "Solution Items", "Solution Items", "{62E0A0D8-7F69-4D1B-9A84-95F4AE274EB0}"
	ProjectSection(SolutionItems) = preProject
		Directory.Build.props = Directory.Build.props
		Directory.Packages.props = Directory.Packages.props
		NuGet.config = NuGet.config
	EndProjectSection
EndProject
Project("{FAE04EC0-301F-11D3-BF4B-00C04F79EFBC}") = "Notification.WebHost", "Services\Notification\MarineLaceSpace.Notification\Notification.WebHost.csproj", "{CE722899-CD09-4C60-8279-72D30961A727}"
EndProject
Project("{FAE04EC0-301F-11D3-BF4B-00C04F79EFBC}") = "MarineLaceSpace.Options", "BuildingBlocks\Packages\MarineLaceSpace.Options\MarineLaceSpace.Options.csproj", "{7F859889-CDF7-49E6-A36E-BF39602D02F7}"
EndProject
Project("{FAE04EC0-301F-11D3-BF4B-00C04F79EFBC}") = "Payment.WebHost", "Services\Payment\MarineLaceSpace.Payment\Payment.WebHost.csproj", "{EF23E7C5-2F7F-4BD1-856A-964FF4F01EF3}"
EndProject
Project("{FAE04EC0-301F-11D3-BF4B-00C04F79EFBC}") = "Catalog.WebHost", "Services\Catalog\MarineLaceSpace.Catalog\Catalog.WebHost.csproj", "{A9FE5334-D4E3-44C9-AA1F-CD704E2138B3}"
EndProject
Project("{2150E333-8FDC-42A3-9474-1A3956D46DE8}") = "Tests", "Tests", "{9A1E7CA0-6C9B-40FF-AEC8-2A580D57258A}"
	ProjectSection(SolutionItems) = preProject
		Tests\Directory.Build.props = Tests\Directory.Build.props
	EndProjectSection
EndProject
Project("{FAE04EC0-301F-11D3-BF4B-00C04F79EFBC}") = "MarineLaceSpace.Interfaces", "BuildingBlocks\Packages\MarineLaceSpace.Interfaces\MarineLaceSpace.Interfaces.csproj", "{AEE32281-3F4C-4267-BD90-E91FFD6C085E}"
	ProjectSection(ProjectDependencies) = postProject
		{377A78EC-EDF1-4F2D-9AA0-BE3F50AF8191} = {377A78EC-EDF1-4F2D-9AA0-BE3F50AF8191}
	EndProjectSection
EndProject
Project("{2150E333-8FDC-42A3-9474-1A3956D46DE8}") = "Packages", "Packages", "{E8F85188-6AC0-4F73-8CF1-B1E7D74D3DB8}"
	ProjectSection(SolutionItems) = preProject
		BuildingBlocks\Packages\Directory.Build.props = BuildingBlocks\Packages\Directory.Build.props
	EndProjectSection
EndProject
Project("{FAE04EC0-301F-11D3-BF4B-00C04F79EFBC}") = "Order.WebHost", "Services\Order\MarineLaceSpace.Order\Order.WebHost.csproj", "{C06331A5-6FC3-44F5-B0A1-4A46113F1DC3}"
EndProject
Project("{FAE04EC0-301F-11D3-BF4B-00C04F79EFBC}") = "Basket.WebHost", "Services\Basket\MarineLaceSpace.Basket\Basket.WebHost.csproj", "{55355F5A-D63E-4132-8D96-120918DEE3EA}"
EndProject
Project("{FAE04EC0-301F-11D3-BF4B-00C04F79EFBC}") = "MarineLaceSpace.Models", "BuildingBlocks\Packages\MarineLaceSpace.Models\MarineLaceSpace.Models.csproj", "{377A78EC-EDF1-4F2D-9AA0-BE3F50AF8191}"
EndProject
Project("{FAE04EC0-301F-11D3-BF4B-00C04F79EFBC}") = "BB.Data", "BuildingBlocks\BB.Data\BB.Data.csproj", "{74F87EB2-2F94-4D30-BA38-670AFFEE69EC}"
EndProject
Project("{FAE04EC0-301F-11D3-BF4B-00C04F79EFBC}") = "MarineLaceSpace.DTO.Validation", "BuildingBlocks\Packages\MarineLaceSpace.DTO.Validation\MarineLaceSpace.DTO.Validation.csproj", "{5883A948-27B2-4B5B-9624-7EEE4DCA3ACD}"
EndProject
Project("{FAE04EC0-301F-11D3-BF4B-00C04F79EFBC}") = "Auth.WebHost", "Services\Auth\MarineLaceSpace.Auth\Auth.WebHost.csproj", "{9B9A13CB-152A-9F73-791C-A47B2ABA504C}"
EndProject
Project("{2150E333-8FDC-42A3-9474-1A3956D46DE8}") = "BuildingBlocks", "BuildingBlocks", "{3A12F487-19C5-4BD5-A44B-F8128FC4A0EA}"
EndProject
Project("{FAE04EC0-301F-11D3-BF4B-00C04F79EFBC}") = "Packages.Test", "Tests\BuildingBlocks\Packages.Test\Packages.Test.csproj", "{28C20F5A-6E09-4FCE-B3AE-E3655A168767}"
EndProject
Global
	GlobalSection(SolutionConfigurationPlatforms) = preSolution
		Debug|Any CPU = Debug|Any CPU
		Release|Any CPU = Release|Any CPU
	EndGlobalSection
	GlobalSection(ProjectConfigurationPlatforms) = postSolution
		{D8F8652C-93AA-4F83-ABE6-F549DAC79D0C}.Debug|Any CPU.ActiveCfg = Debug|Any CPU
		{D8F8652C-93AA-4F83-ABE6-F549DAC79D0C}.Debug|Any CPU.Build.0 = Debug|Any CPU
		{D8F8652C-93AA-4F83-ABE6-F549DAC79D0C}.Release|Any CPU.ActiveCfg = Release|Any CPU
		{D8F8652C-93AA-4F83-ABE6-F549DAC79D0C}.Release|Any CPU.Build.0 = Release|Any CPU
		{10F69914-B69B-C6B5-0E1C-F5B0D8A7D603}.Debug|Any CPU.ActiveCfg = Debug|Any CPU
		{10F69914-B69B-C6B5-0E1C-F5B0D8A7D603}.Debug|Any CPU.Build.0 = Debug|Any CPU
		{10F69914-B69B-C6B5-0E1C-F5B0D8A7D603}.Release|Any CPU.ActiveCfg = Release|Any CPU
		{10F69914-B69B-C6B5-0E1C-F5B0D8A7D603}.Release|Any CPU.Build.0 = Release|Any CPU
		{D9DC2FA8-7183-444D-A067-61099FA09A0B}.Debug|Any CPU.ActiveCfg = Debug|Any CPU
		{D9DC2FA8-7183-444D-A067-61099FA09A0B}.Debug|Any CPU.Build.0 = Debug|Any CPU
		{D9DC2FA8-7183-444D-A067-61099FA09A0B}.Release|Any CPU.ActiveCfg = Release|Any CPU
		{D9DC2FA8-7183-444D-A067-61099FA09A0B}.Release|Any CPU.Build.0 = Release|Any CPU
		{49632767-6A26-4FF3-AE5D-6394A34E1D57}.Debug|Any CPU.ActiveCfg = Debug|Any CPU
		{49632767-6A26-4FF3-AE5D-6394A34E1D57}.Debug|Any CPU.Build.0 = Debug|Any CPU
		{49632767-6A26-4FF3-AE5D-6394A34E1D57}.Release|Any CPU.ActiveCfg = Release|Any CPU
		{49632767-6A26-4FF3-AE5D-6394A34E1D57}.Release|Any CPU.Build.0 = Release|Any CPU
		{19700675-E65C-4DFD-A43C-0B09C2780F12}.Debug|Any CPU.ActiveCfg = Debug|Any CPU
		{19700675-E65C-4DFD-A43C-0B09C2780F12}.Debug|Any CPU.Build.0 = Debug|Any CPU
		{19700675-E65C-4DFD-A43C-0B09C2780F12}.Release|Any CPU.ActiveCfg = Release|Any CPU
		{19700675-E65C-4DFD-A43C-0B09C2780F12}.Release|Any CPU.Build.0 = Release|Any CPU
		{CE722899-CD09-4C60-8279-72D30961A727}.Debug|Any CPU.ActiveCfg = Debug|Any CPU
		{CE722899-CD09-4C60-8279-72D30961A727}.Debug|Any CPU.Build.0 = Debug|Any CPU
		{CE722899-CD09-4C60-8279-72D30961A727}.Release|Any CPU.ActiveCfg = Release|Any CPU
		{CE722899-CD09-4C60-8279-72D30961A727}.Release|Any CPU.Build.0 = Release|Any CPU
		{7F859889-CDF7-49E6-A36E-BF39602D02F7}.Debug|Any CPU.ActiveCfg = Debug|Any CPU
		{7F859889-CDF7-49E6-A36E-BF39602D02F7}.Debug|Any CPU.Build.0 = Debug|Any CPU
		{7F859889-CDF7-49E6-A36E-BF39602D02F7}.Release|Any CPU.ActiveCfg = Release|Any CPU
		{7F859889-CDF7-49E6-A36E-BF39602D02F7}.Release|Any CPU.Build.0 = Release|Any CPU
		{EF23E7C5-2F7F-4BD1-856A-964FF4F01EF3}.Debug|Any CPU.ActiveCfg = Debug|Any CPU
		{EF23E7C5-2F7F-4BD1-856A-964FF4F01EF3}.Debug|Any CPU.Build.0 = Debug|Any CPU
		{EF23E7C5-2F7F-4BD1-856A-964FF4F01EF3}.Release|Any CPU.ActiveCfg = Release|Any CPU
		{EF23E7C5-2F7F-4BD1-856A-964FF4F01EF3}.Release|Any CPU.Build.0 = Release|Any CPU
		{A9FE5334-D4E3-44C9-AA1F-CD704E2138B3}.Debug|Any CPU.ActiveCfg = Debug|Any CPU
		{A9FE5334-D4E3-44C9-AA1F-CD704E2138B3}.Debug|Any CPU.Build.0 = Debug|Any CPU
		{A9FE5334-D4E3-44C9-AA1F-CD704E2138B3}.Release|Any CPU.ActiveCfg = Release|Any CPU
		{A9FE5334-D4E3-44C9-AA1F-CD704E2138B3}.Release|Any CPU.Build.0 = Release|Any CPU
		{AEE32281-3F4C-4267-BD90-E91FFD6C085E}.Debug|Any CPU.ActiveCfg = Debug|Any CPU
		{AEE32281-3F4C-4267-BD90-E91FFD6C085E}.Debug|Any CPU.Build.0 = Debug|Any CPU
		{AEE32281-3F4C-4267-BD90-E91FFD6C085E}.Release|Any CPU.ActiveCfg = Release|Any CPU
		{AEE32281-3F4C-4267-BD90-E91FFD6C085E}.Release|Any CPU.Build.0 = Release|Any CPU
		{C06331A5-6FC3-44F5-B0A1-4A46113F1DC3}.Debug|Any CPU.ActiveCfg = Debug|Any CPU
		{C06331A5-6FC3-44F5-B0A1-4A46113F1DC3}.Debug|Any CPU.Build.0 = Debug|Any CPU
		{C06331A5-6FC3-44F5-B0A1-4A46113F1DC3}.Release|Any CPU.ActiveCfg = Release|Any CPU
		{C06331A5-6FC3-44F5-B0A1-4A46113F1DC3}.Release|Any CPU.Build.0 = Release|Any CPU
		{55355F5A-D63E-4132-8D96-120918DEE3EA}.Debug|Any CPU.ActiveCfg = Debug|Any CPU
		{55355F5A-D63E-4132-8D96-120918DEE3EA}.Debug|Any CPU.Build.0 = Debug|Any CPU
		{55355F5A-D63E-4132-8D96-120918DEE3EA}.Release|Any CPU.ActiveCfg = Release|Any CPU
		{55355F5A-D63E-4132-8D96-120918DEE3EA}.Release|Any CPU.Build.0 = Release|Any CPU
		{377A78EC-EDF1-4F2D-9AA0-BE3F50AF8191}.Debug|Any CPU.ActiveCfg = Debug|Any CPU
		{377A78EC-EDF1-4F2D-9AA0-BE3F50AF8191}.Debug|Any CPU.Build.0 = Debug|Any CPU
		{377A78EC-EDF1-4F2D-9AA0-BE3F50AF8191}.Release|Any CPU.ActiveCfg = Release|Any CPU
		{377A78EC-EDF1-4F2D-9AA0-BE3F50AF8191}.Release|Any CPU.Build.0 = Release|Any CPU
		{74F87EB2-2F94-4D30-BA38-670AFFEE69EC}.Debug|Any CPU.ActiveCfg = Debug|Any CPU
		{74F87EB2-2F94-4D30-BA38-670AFFEE69EC}.Debug|Any CPU.Build.0 = Debug|Any CPU
		{74F87EB2-2F94-4D30-BA38-670AFFEE69EC}.Release|Any CPU.ActiveCfg = Release|Any CPU
		{74F87EB2-2F94-4D30-BA38-670AFFEE69EC}.Release|Any CPU.Build.0 = Release|Any CPU
		{5883A948-27B2-4B5B-9624-7EEE4DCA3ACD}.Debug|Any CPU.ActiveCfg = Debug|Any CPU
		{5883A948-27B2-4B5B-9624-7EEE4DCA3ACD}.Debug|Any CPU.Build.0 = Debug|Any CPU
		{5883A948-27B2-4B5B-9624-7EEE4DCA3ACD}.Release|Any CPU.ActiveCfg = Release|Any CPU
		{5883A948-27B2-4B5B-9624-7EEE4DCA3ACD}.Release|Any CPU.Build.0 = Release|Any CPU
		{9B9A13CB-152A-9F73-791C-A47B2ABA504C}.Debug|Any CPU.ActiveCfg = Debug|Any CPU
		{9B9A13CB-152A-9F73-791C-A47B2ABA504C}.Debug|Any CPU.Build.0 = Debug|Any CPU
		{9B9A13CB-152A-9F73-791C-A47B2ABA504C}.Release|Any CPU.ActiveCfg = Release|Any CPU
		{9B9A13CB-152A-9F73-791C-A47B2ABA504C}.Release|Any CPU.Build.0 = Release|Any CPU
		{28C20F5A-6E09-4FCE-B3AE-E3655A168767}.Debug|Any CPU.ActiveCfg = Debug|Any CPU
		{28C20F5A-6E09-4FCE-B3AE-E3655A168767}.Debug|Any CPU.Build.0 = Debug|Any CPU
		{28C20F5A-6E09-4FCE-B3AE-E3655A168767}.Release|Any CPU.ActiveCfg = Release|Any CPU
		{28C20F5A-6E09-4FCE-B3AE-E3655A168767}.Release|Any CPU.Build.0 = Release|Any CPU
	EndGlobalSection
	GlobalSection(SolutionProperties) = preSolution
		HideSolutionNode = FALSE
	EndGlobalSection
	GlobalSection(NestedProjects) = preSolution
		{633D4885-1E22-4333-BA58-A9BE8A0347B2} = {02EA681E-C7D8-13C7-8484-4AC65E1B71E8}
		{CEA5739A-39B4-4DBE-8818-FD03D1940178} = {02EA681E-C7D8-13C7-8484-4AC65E1B71E8}
		{B2B7C10A-7F81-4C52-B340-C49EB921356F} = {02EA681E-C7D8-13C7-8484-4AC65E1B71E8}
		{9E7BA343-2658-4B84-A301-7FA5EAA8997E} = {02EA681E-C7D8-13C7-8484-4AC65E1B71E8}
		{D8F8652C-93AA-4F83-ABE6-F549DAC79D0C} = {9E7BA343-2658-4B84-A301-7FA5EAA8997E}
		{10F69914-B69B-C6B5-0E1C-F5B0D8A7D603} = {9E7BA343-2658-4B84-A301-7FA5EAA8997E}
		{65A63832-4770-49B1-B71A-79DA81D3063F} = {CEA5739A-39B4-4DBE-8818-FD03D1940178}
		{B4C2BAE3-5B55-449B-8483-7DA159C31D3E} = {CEA5739A-39B4-4DBE-8818-FD03D1940178}
		{6EC32C6A-18FB-4DCC-867D-C241193D7F61} = {CEA5739A-39B4-4DBE-8818-FD03D1940178}
		{7358DF08-6109-42B4-9E6B-72B65D0E020C} = {CEA5739A-39B4-4DBE-8818-FD03D1940178}
		{653693E0-B90C-412F-B84D-15A27EA15FC6} = {CEA5739A-39B4-4DBE-8818-FD03D1940178}
		{A7E24C41-BE56-425F-BF79-42E3D3158EBE} = {CEA5739A-39B4-4DBE-8818-FD03D1940178}
		{48654511-1DA9-4DE0-B889-B628872404AD} = {CEA5739A-39B4-4DBE-8818-FD03D1940178}
		{D9DC2FA8-7183-444D-A067-61099FA09A0B} = {65A63832-4770-49B1-B71A-79DA81D3063F}
		{49632767-6A26-4FF3-AE5D-6394A34E1D57} = {E8F85188-6AC0-4F73-8CF1-B1E7D74D3DB8}
		{19700675-E65C-4DFD-A43C-0B09C2780F12} = {E8F85188-6AC0-4F73-8CF1-B1E7D74D3DB8}
		{CE722899-CD09-4C60-8279-72D30961A727} = {B4C2BAE3-5B55-449B-8483-7DA159C31D3E}
		{7F859889-CDF7-49E6-A36E-BF39602D02F7} = {E8F85188-6AC0-4F73-8CF1-B1E7D74D3DB8}
		{EF23E7C5-2F7F-4BD1-856A-964FF4F01EF3} = {6EC32C6A-18FB-4DCC-867D-C241193D7F61}
		{A9FE5334-D4E3-44C9-AA1F-CD704E2138B3} = {A7E24C41-BE56-425F-BF79-42E3D3158EBE}
		{9A1E7CA0-6C9B-40FF-AEC8-2A580D57258A} = {02EA681E-C7D8-13C7-8484-4AC65E1B71E8}
		{AEE32281-3F4C-4267-BD90-E91FFD6C085E} = {E8F85188-6AC0-4F73-8CF1-B1E7D74D3DB8}
		{E8F85188-6AC0-4F73-8CF1-B1E7D74D3DB8} = {633D4885-1E22-4333-BA58-A9BE8A0347B2}
		{C06331A5-6FC3-44F5-B0A1-4A46113F1DC3} = {7358DF08-6109-42B4-9E6B-72B65D0E020C}
		{55355F5A-D63E-4132-8D96-120918DEE3EA} = {653693E0-B90C-412F-B84D-15A27EA15FC6}
		{377A78EC-EDF1-4F2D-9AA0-BE3F50AF8191} = {E8F85188-6AC0-4F73-8CF1-B1E7D74D3DB8}
		{74F87EB2-2F94-4D30-BA38-670AFFEE69EC} = {633D4885-1E22-4333-BA58-A9BE8A0347B2}
		{5883A948-27B2-4B5B-9624-7EEE4DCA3ACD} = {E8F85188-6AC0-4F73-8CF1-B1E7D74D3DB8}
		{9B9A13CB-152A-9F73-791C-A47B2ABA504C} = {48654511-1DA9-4DE0-B889-B628872404AD}
		{3A12F487-19C5-4BD5-A44B-F8128FC4A0EA} = {9A1E7CA0-6C9B-40FF-AEC8-2A580D57258A}
		{28C20F5A-6E09-4FCE-B3AE-E3655A168767} = {3A12F487-19C5-4BD5-A44B-F8128FC4A0EA}
	EndGlobalSection
	GlobalSection(ExtensibilityGlobals) = postSolution
		SolutionGuid = {7F4CF0F5-CE13-400F-A691-533BBCE644F9}
	EndGlobalSection
EndGlobal
